# This file is automatically @generated by Wally.
# It is not intended for manual editing.
registry = "test"

[[package]]
name = "hobbs04067/mechaniccontroller"
version = "0.21.4"
dependencies = [["playereventsequencer", "hobbs04067/playereventsequencer@0.1.2"]]

[[package]]
name = "hobbs04067/playereventsequencer"
version = "0.1.2"
dependencies = []
